{
    "_meta": {
        "hash": {
            "sha256": "2a02c47214ac4f2cb8557aa78db55e86faf95fb6ae74e64de23b6777badd8bdb"
        },
        "pipfile-spec": 1,
        "requires": {},
        "sources": [
            {
                "url": "https://pypi.python.org/simple",
                "verify_ssl": true
            }
        ]
    },
    "default": {
        "django": {
            "version": "==1.11.5"
        },
        "psycopg2": {
            "version": "==2.7.3.1"
        },
        "pytz": {
            "version": "==2017.2"
        }
    },
    "develop": {}
}
